{
  "name": "file-batching-utilities",
  "version": "1.0.0",
  "lockfileVersion": 3,
  "requires": true,
  "packages": {
    "": {
      "name": "file-batching-utilities",
      "version": "1.0.0",
      "license": "MIT",
      "bin": {
        "batch-files": "file-batch-utils.js"
      },
      "engines": {
        "node": ">=12.0.0"
      }
    }
  }
}
